
Microsoft Visual Studio Solution File, Format Version 12.00
# Visual Studio Version 17
VisualStudioVersion = 17.0.32112.339
MinimumVisualStudioVersion = 10.0.40219.1
Project("{FAE04EC0-301F-11D3-BF4B-00C04F79EFBC}") = "TestApi", "TestApi\TestApi.csproj", "{E663AAD5-AECF-4B97-AD66-B694366D79AE}"
EndProject
Global
	GlobalSection(SolutionConfigurationPlatforms) = preSolution
		Debug|Any CPU = Debug|Any CPU
		Release|Any CPU = Release|Any CPU
	EndGlobalSection
	GlobalSection(ProjectConfigurationPlatforms) = postSolution
		{E663AAD5-AECF-4B97-AD66-B694366D79AE}.Debug|Any CPU.ActiveCfg = Debug|Any CPU
		{E663AAD5-AECF-4B97-AD66-B694366D79AE}.Debug|Any CPU.Build.0 = Debug|Any CPU
		{E663AAD5-AECF-4B97-AD66-B694366D79AE}.Release|Any CPU.ActiveCfg = Release|Any CPU
		{E663AAD5-AECF-4B97-AD66-B694366D79AE}.Release|Any CPU.Build.0 = Release|Any CPU
	EndGlobalSection
	GlobalSection(SolutionProperties) = preSolution
		HideSolutionNode = FALSE
	EndGlobalSection
	GlobalSection(ExtensibilityGlobals) = postSolution
		SolutionGuid = {D523C9B5-BB2C-4DCC-BA00-72260D7FE5C7}
	EndGlobalSection
EndGlobal
